
Microsoft Visual Studio Solution File, Format Version 12.00
# Visual Studio Version 17
VisualStudioVersion = 17.0.31903.59
MinimumVisualStudioVersion = 10.0.40219.1
Project("{FAE04EC0-301F-11D3-BF4B-00C04F79EFBC}") = "HotelBooking.API", "HotelBooking.API\HotelBooking.API.csproj", "{75C24BD9-13A4-41E5-9093-6B504FCF2197}"
EndProject
Project("{FAE04EC0-301F-11D3-BF4B-00C04F79EFBC}") = "HotelBooking.Application", "HotelBooking.Application\HotelBooking.Application.csproj", "{21A03379-5339-415B-9B77-EBE22E2CBF6C}"
EndProject
Project("{FAE04EC0-301F-11D3-BF4B-00C04F79EFBC}") = "HotelBooking.Domain", "HotelBooking.Domain\HotelBooking.Domain.csproj", "{B4298FD1-B97B-4E11-9CC7-869C7D464C30}"
EndProject
Project("{FAE04EC0-301F-11D3-BF4B-00C04F79EFBC}") = "HotelBooking.Infrastructure", "HotelBooking.Infrastructure\HotelBooking.Infrastructure.csproj", "{03A42AE7-53C7-4952-A0A6-A3907E9DDBCE}"
EndProject
Global
	GlobalSection(SolutionConfigurationPlatforms) = preSolution
		Debug|Any CPU = Debug|Any CPU
		Debug|x64 = Debug|x64
		Debug|x86 = Debug|x86
		Release|Any CPU = Release|Any CPU
		Release|x64 = Release|x64
		Release|x86 = Release|x86
	EndGlobalSection
	GlobalSection(ProjectConfigurationPlatforms) = postSolution
		{75C24BD9-13A4-41E5-9093-6B504FCF2197}.Debug|Any CPU.ActiveCfg = Debug|Any CPU
		{75C24BD9-13A4-41E5-9093-6B504FCF2197}.Debug|Any CPU.Build.0 = Debug|Any CPU
		{75C24BD9-13A4-41E5-9093-6B504FCF2197}.Debug|x64.ActiveCfg = Debug|Any CPU
		{75C24BD9-13A4-41E5-9093-6B504FCF2197}.Debug|x64.Build.0 = Debug|Any CPU
		{75C24BD9-13A4-41E5-9093-6B504FCF2197}.Debug|x86.ActiveCfg = Debug|Any CPU
		{75C24BD9-13A4-41E5-9093-6B504FCF2197}.Debug|x86.Build.0 = Debug|Any CPU
		{75C24BD9-13A4-41E5-9093-6B504FCF2197}.Release|Any CPU.ActiveCfg = Release|Any CPU
		{75C24BD9-13A4-41E5-9093-6B504FCF2197}.Release|Any CPU.Build.0 = Release|Any CPU
		{75C24BD9-13A4-41E5-9093-6B504FCF2197}.Release|x64.ActiveCfg = Release|Any CPU
		{75C24BD9-13A4-41E5-9093-6B504FCF2197}.Release|x64.Build.0 = Release|Any CPU
		{75C24BD9-13A4-41E5-9093-6B504FCF2197}.Release|x86.ActiveCfg = Release|Any CPU
		{75C24BD9-13A4-41E5-9093-6B504FCF2197}.Release|x86.Build.0 = Release|Any CPU
		{21A03379-5339-415B-9B77-EBE22E2CBF6C}.Debug|Any CPU.ActiveCfg = Debug|Any CPU
		{21A03379-5339-415B-9B77-EBE22E2CBF6C}.Debug|Any CPU.Build.0 = Debug|Any CPU
		{21A03379-5339-415B-9B77-EBE22E2CBF6C}.Debug|x64.ActiveCfg = Debug|Any CPU
		{21A03379-5339-415B-9B77-EBE22E2CBF6C}.Debug|x64.Build.0 = Debug|Any CPU
		{21A03379-5339-415B-9B77-EBE22E2CBF6C}.Debug|x86.ActiveCfg = Debug|Any CPU
		{21A03379-5339-415B-9B77-EBE22E2CBF6C}.Debug|x86.Build.0 = Debug|Any CPU
		{21A03379-5339-415B-9B77-EBE22E2CBF6C}.Release|Any CPU.ActiveCfg = Release|Any CPU
		{21A03379-5339-415B-9B77-EBE22E2CBF6C}.Release|Any CPU.Build.0 = Release|Any CPU
		{21A03379-5339-415B-9B77-EBE22E2CBF6C}.Release|x64.ActiveCfg = Release|Any CPU
		{21A03379-5339-415B-9B77-EBE22E2CBF6C}.Release|x64.Build.0 = Release|Any CPU
		{21A03379-5339-415B-9B77-EBE22E2CBF6C}.Release|x86.ActiveCfg = Release|Any CPU
		{21A03379-5339-415B-9B77-EBE22E2CBF6C}.Release|x86.Build.0 = Release|Any CPU
		{B4298FD1-B97B-4E11-9CC7-869C7D464C30}.Debug|Any CPU.ActiveCfg = Debug|Any CPU
		{B4298FD1-B97B-4E11-9CC7-869C7D464C30}.Debug|Any CPU.Build.0 = Debug|Any CPU
		{B4298FD1-B97B-4E11-9CC7-869C7D464C30}.Debug|x64.ActiveCfg = Debug|Any CPU
		{B4298FD1-B97B-4E11-9CC7-869C7D464C30}.Debug|x64.Build.0 = Debug|Any CPU
		{B4298FD1-B97B-4E11-9CC7-869C7D464C30}.Debug|x86.ActiveCfg = Debug|Any CPU
		{B4298FD1-B97B-4E11-9CC7-869C7D464C30}.Debug|x86.Build.0 = Debug|Any CPU
		{B4298FD1-B97B-4E11-9CC7-869C7D464C30}.Release|Any CPU.ActiveCfg = Release|Any CPU
		{B4298FD1-B97B-4E11-9CC7-869C7D464C30}.Release|Any CPU.Build.0 = Release|Any CPU
		{B4298FD1-B97B-4E11-9CC7-869C7D464C30}.Release|x64.ActiveCfg = Release|Any CPU
		{B4298FD1-B97B-4E11-9CC7-869C7D464C30}.Release|x64.Build.0 = Release|Any CPU
		{B4298FD1-B97B-4E11-9CC7-869C7D464C30}.Release|x86.ActiveCfg = Release|Any CPU
		{B4298FD1-B97B-4E11-9CC7-869C7D464C30}.Release|x86.Build.0 = Release|Any CPU
		{03A42AE7-53C7-4952-A0A6-A3907E9DDBCE}.Debug|Any CPU.ActiveCfg = Debug|Any CPU
		{03A42AE7-53C7-4952-A0A6-A3907E9DDBCE}.Debug|Any CPU.Build.0 = Debug|Any CPU
		{03A42AE7-53C7-4952-A0A6-A3907E9DDBCE}.Debug|x64.ActiveCfg = Debug|Any CPU
		{03A42AE7-53C7-4952-A0A6-A3907E9DDBCE}.Debug|x64.Build.0 = Debug|Any CPU
		{03A42AE7-53C7-4952-A0A6-A3907E9DDBCE}.Debug|x86.ActiveCfg = Debug|Any CPU
		{03A42AE7-53C7-4952-A0A6-A3907E9DDBCE}.Debug|x86.Build.0 = Debug|Any CPU
		{03A42AE7-53C7-4952-A0A6-A3907E9DDBCE}.Release|Any CPU.ActiveCfg = Release|Any CPU
		{03A42AE7-53C7-4952-A0A6-A3907E9DDBCE}.Release|Any CPU.Build.0 = Release|Any CPU
		{03A42AE7-53C7-4952-A0A6-A3907E9DDBCE}.Release|x64.ActiveCfg = Release|Any CPU
		{03A42AE7-53C7-4952-A0A6-A3907E9DDBCE}.Release|x64.Build.0 = Release|Any CPU
		{03A42AE7-53C7-4952-A0A6-A3907E9DDBCE}.Release|x86.ActiveCfg = Release|Any CPU
		{03A42AE7-53C7-4952-A0A6-A3907E9DDBCE}.Release|x86.Build.0 = Release|Any CPU
	EndGlobalSection
	GlobalSection(SolutionProperties) = preSolution
		HideSolutionNode = FALSE
	EndGlobalSection
EndGlobal
